// !$*UTF8*$!
{
	archiveVersion = 1;
	classes = {
	};
	objectVersion = 55;
	objects = {

/* Begin PBXBuildFile section */
		E10096F227CE5CFB0045CA71 /* Alamofire in Frameworks */ = {isa = PBXBuildFile; productRef = E10096F127CE5CFB0045CA71 /* Alamofire */; };
		E10096F527CE5EDC0045CA71 /* RequestFactory.swift in Sources */ = {isa = PBXBuildFile; fileRef = E10096F427CE5EDC0045CA71 /* RequestFactory.swift */; };
		E10096F727CE5EEC0045CA71 /* Auth.swift in Sources */ = {isa = PBXBuildFile; fileRef = E10096F627CE5EEC0045CA71 /* Auth.swift */; };
		E10096F927CE5F070045CA71 /* AuthRequestFactory.swift in Sources */ = {isa = PBXBuildFile; fileRef = E10096F827CE5F070045CA71 /* AuthRequestFactory.swift */; };
		E10096FB27CE5F260045CA71 /* LoginResult.swift in Sources */ = {isa = PBXBuildFile; fileRef = E10096FA27CE5F260045CA71 /* LoginResult.swift */; };
		E10096FD27CE5F320045CA71 /* User.swift in Sources */ = {isa = PBXBuildFile; fileRef = E10096FC27CE5F320045CA71 /* User.swift */; };
		E100970027CE60460045CA71 /* AbstractErrorParser.swift in Sources */ = {isa = PBXBuildFile; fileRef = E10096FF27CE60460045CA71 /* AbstractErrorParser.swift */; };
		E100970227CE605C0045CA71 /* ErrorParser.swift in Sources */ = {isa = PBXBuildFile; fileRef = E100970127CE605C0045CA71 /* ErrorParser.swift */; };
		E100970427CE60790045CA71 /* ResponseCodable.swift in Sources */ = {isa = PBXBuildFile; fileRef = E100970327CE60790045CA71 /* ResponseCodable.swift */; };
		E100970627CE609C0045CA71 /* AbstractRequestFactory.swift in Sources */ = {isa = PBXBuildFile; fileRef = E100970527CE609C0045CA71 /* AbstractRequestFactory.swift */; };
		E100970827CE60B40045CA71 /* RequestRouter.swift in Sources */ = {isa = PBXBuildFile; fileRef = E100970727CE60B40045CA71 /* RequestRouter.swift */; };
		E100971B27E1DCEE0045CA71 /* LogoutResult.swift in Sources */ = {isa = PBXBuildFile; fileRef = E100971A27E1DCEE0045CA71 /* LogoutResult.swift */; };
		E100971D27E1DD3D0045CA71 /* RegisterUserResult.swift in Sources */ = {isa = PBXBuildFile; fileRef = E100971C27E1DD3D0045CA71 /* RegisterUserResult.swift */; };
		E100971F27E1DD520045CA71 /* ChangeUserDataResult.swift in Sources */ = {isa = PBXBuildFile; fileRef = E100971E27E1DD520045CA71 /* ChangeUserDataResult.swift */; };
		E100972127E1E0AE0045CA71 /* AuthTest.swift in Sources */ = {isa = PBXBuildFile; fileRef = E100972027E1E0AE0045CA71 /* AuthTest.swift */; };
		E100972327E210C00045CA71 /* GetGoodByIdResult.swift in Sources */ = {isa = PBXBuildFile; fileRef = E100972227E210C00045CA71 /* GetGoodByIdResult.swift */; };
		E100972527E216D80045CA71 /* CatalogResult.swift in Sources */ = {isa = PBXBuildFile; fileRef = E100972427E216D80045CA71 /* CatalogResult.swift */; };
		E1135C0E27BD254600F30700 /* AppDelegate.swift in Sources */ = {isa = PBXBuildFile; fileRef = E1135C0D27BD254600F30700 /* AppDelegate.swift */; };
		E1135C1027BD254600F30700 /* SceneDelegate.swift in Sources */ = {isa = PBXBuildFile; fileRef = E1135C0F27BD254600F30700 /* SceneDelegate.swift */; };
		E1135C1227BD254600F30700 /* ViewController.swift in Sources */ = {isa = PBXBuildFile; fileRef = E1135C1127BD254600F30700 /* ViewController.swift */; };
		E1135C1527BD254600F30700 /* Main.storyboard in Resources */ = {isa = PBXBuildFile; fileRef = E1135C1327BD254600F30700 /* Main.storyboard */; };
		E1135C1727BD254800F30700 /* Assets.xcassets in Resources */ = {isa = PBXBuildFile; fileRef = E1135C1627BD254800F30700 /* Assets.xcassets */; };
		E1135C1A27BD254800F30700 /* LaunchScreen.storyboard in Resources */ = {isa = PBXBuildFile; fileRef = E1135C1827BD254800F30700 /* LaunchScreen.storyboard */; };
		E1135C2527BD254800F30700 /* GBShopTests.swift in Sources */ = {isa = PBXBuildFile; fileRef = E1135C2427BD254800F30700 /* GBShopTests.swift */; };
		E1135C2F27BD254800F30700 /* GBShopUITests.swift in Sources */ = {isa = PBXBuildFile; fileRef = E1135C2E27BD254800F30700 /* GBShopUITests.swift */; };
		E1135C3127BD254800F30700 /* GBShopUITestsLaunchTests.swift in Sources */ = {isa = PBXBuildFile; fileRef = E1135C3027BD254800F30700 /* GBShopUITestsLaunchTests.swift */; };
		E1F82515280EDF96005AF824 /* AddReviewResult.swift in Sources */ = {isa = PBXBuildFile; fileRef = E1F82514280EDF96005AF824 /* AddReviewResult.swift */; };
		E1F82517280EE013005AF824 /* RemoveReviewResult.swift in Sources */ = {isa = PBXBuildFile; fileRef = E1F82516280EE013005AF824 /* RemoveReviewResult.swift */; };
		E1F82519280EE059005AF824 /* CatalogReviewResult.swift in Sources */ = {isa = PBXBuildFile; fileRef = E1F82518280EE059005AF824 /* CatalogReviewResult.swift */; };
		E1F8251B280EE0D3005AF824 /* Commands.swift in Sources */ = {isa = PBXBuildFile; fileRef = E1F8251A280EE0D2005AF824 /* Commands.swift */; };
		E1F8251D280EE1A1005AF824 /* CommandsRequestFactory.swift in Sources */ = {isa = PBXBuildFile; fileRef = E1F8251C280EE1A1005AF824 /* CommandsRequestFactory.swift */; };
		E1F825222811A11E005AF824 /* Basket.swift in Sources */ = {isa = PBXBuildFile; fileRef = E1F825212811A11E005AF824 /* Basket.swift */; };
		E1F825242811A141005AF824 /* BasketRequestFactory.swift in Sources */ = {isa = PBXBuildFile; fileRef = E1F825232811A141005AF824 /* BasketRequestFactory.swift */; };
		E1F825292811A312005AF824 /* AddBasketResult.swift in Sources */ = {isa = PBXBuildFile; fileRef = E1F825282811A312005AF824 /* AddBasketResult.swift */; };
		E1F8252B2811A33C005AF824 /* RemoveFromBasketResult.swift in Sources */ = {isa = PBXBuildFile; fileRef = E1F8252A2811A33C005AF824 /* RemoveFromBasketResult.swift */; };
		E1F8252D2811A422005AF824 /* PayBasketResult.swift in Sources */ = {isa = PBXBuildFile; fileRef = E1F8252C2811A422005AF824 /* PayBasketResult.swift */; };
		E1F825302811AB5C005AF824 /* BasketSingleton.swift in Sources */ = {isa = PBXBuildFile; fileRef = E1F8252F2811AB5C005AF824 /* BasketSingleton.swift */; };
		E1F825322811ABEB005AF824 /* Product.swift in Sources */ = {isa = PBXBuildFile; fileRef = E1F825312811ABEB005AF824 /* Product.swift */; };
/* End PBXBuildFile section */

/* Begin PBXContainerItemProxy section */
		E1135C2127BD254800F30700 /* PBXContainerItemProxy */ = {
			isa = PBXContainerItemProxy;
			containerPortal = E1135C0227BD254600F30700 /* Project object */;
			proxyType = 1;
			remoteGlobalIDString = E1135C0927BD254600F30700;
			remoteInfo = GBShop;
		};
		E1135C2B27BD254800F30700 /* PBXContainerItemProxy */ = {
			isa = PBXContainerItemProxy;
			containerPortal = E1135C0227BD254600F30700 /* Project object */;
			proxyType = 1;
			remoteGlobalIDString = E1135C0927BD254600F30700;
			remoteInfo = GBShop;
		};
/* End PBXContainerItemProxy section */

/* Begin PBXFileReference section */
		E10096F427CE5EDC0045CA71 /* RequestFactory.swift */ = {isa = PBXFileReference; lastKnownFileType = sourcecode.swift; path = RequestFactory.swift; sourceTree = "<group>"; };
		E10096F627CE5EEC0045CA71 /* Auth.swift */ = {isa = PBXFileReference; lastKnownFileType = sourcecode.swift; path = Auth.swift; sourceTree = "<group>"; };
		E10096F827CE5F070045CA71 /* AuthRequestFactory.swift */ = {isa = PBXFileReference; lastKnownFileType = sourcecode.swift; path = AuthRequestFactory.swift; sourceTree = "<group>"; };
		E10096FA27CE5F260045CA71 /* LoginResult.swift */ = {isa = PBXFileReference; lastKnownFileType = sourcecode.swift; path = LoginResult.swift; sourceTree = "<group>"; };
		E10096FC27CE5F320045CA71 /* User.swift */ = {isa = PBXFileReference; lastKnownFileType = sourcecode.swift; path = User.swift; sourceTree = "<group>"; };
		E10096FF27CE60460045CA71 /* AbstractErrorParser.swift */ = {isa = PBXFileReference; lastKnownFileType = sourcecode.swift; path = AbstractErrorParser.swift; sourceTree = "<group>"; };
		E100970127CE605C0045CA71 /* ErrorParser.swift */ = {isa = PBXFileReference; lastKnownFileType = sourcecode.swift; path = ErrorParser.swift; sourceTree = "<group>"; };
		E100970327CE60790045CA71 /* ResponseCodable.swift */ = {isa = PBXFileReference; lastKnownFileType = sourcecode.swift; path = ResponseCodable.swift; sourceTree = "<group>"; };
		E100970527CE609C0045CA71 /* AbstractRequestFactory.swift */ = {isa = PBXFileReference; lastKnownFileType = sourcecode.swift; path = AbstractRequestFactory.swift; sourceTree = "<group>"; };
		E100970727CE60B40045CA71 /* RequestRouter.swift */ = {isa = PBXFileReference; lastKnownFileType = sourcecode.swift; path = RequestRouter.swift; sourceTree = "<group>"; };
		E100971A27E1DCEE0045CA71 /* LogoutResult.swift */ = {isa = PBXFileReference; lastKnownFileType = sourcecode.swift; path = LogoutResult.swift; sourceTree = "<group>"; };
		E100971C27E1DD3D0045CA71 /* RegisterUserResult.swift */ = {isa = PBXFileReference; lastKnownFileType = sourcecode.swift; path = RegisterUserResult.swift; sourceTree = "<group>"; };
		E100971E27E1DD520045CA71 /* ChangeUserDataResult.swift */ = {isa = PBXFileReference; lastKnownFileType = sourcecode.swift; path = ChangeUserDataResult.swift; sourceTree = "<group>"; };
		E100972027E1E0AE0045CA71 /* AuthTest.swift */ = {isa = PBXFileReference; lastKnownFileType = sourcecode.swift; path = AuthTest.swift; sourceTree = "<group>"; };
		E100972227E210C00045CA71 /* GetGoodByIdResult.swift */ = {isa = PBXFileReference; lastKnownFileType = sourcecode.swift; path = GetGoodByIdResult.swift; sourceTree = "<group>"; };
		E100972427E216D80045CA71 /* CatalogResult.swift */ = {isa = PBXFileReference; lastKnownFileType = sourcecode.swift; path = CatalogResult.swift; sourceTree = "<group>"; };
		E1135C0A27BD254600F30700 /* GBShop.app */ = {isa = PBXFileReference; explicitFileType = wrapper.application; includeInIndex = 0; path = GBShop.app; sourceTree = BUILT_PRODUCTS_DIR; };
		E1135C0D27BD254600F30700 /* AppDelegate.swift */ = {isa = PBXFileReference; lastKnownFileType = sourcecode.swift; path = AppDelegate.swift; sourceTree = "<group>"; };
		E1135C0F27BD254600F30700 /* SceneDelegate.swift */ = {isa = PBXFileReference; lastKnownFileType = sourcecode.swift; path = SceneDelegate.swift; sourceTree = "<group>"; };
		E1135C1127BD254600F30700 /* ViewController.swift */ = {isa = PBXFileReference; lastKnownFileType = sourcecode.swift; path = ViewController.swift; sourceTree = "<group>"; };
		E1135C1427BD254600F30700 /* Base */ = {isa = PBXFileReference; lastKnownFileType = file.storyboard; name = Base; path = Base.lproj/Main.storyboard; sourceTree = "<group>"; };
		E1135C1627BD254800F30700 /* Assets.xcassets */ = {isa = PBXFileReference; lastKnownFileType = folder.assetcatalog; path = Assets.xcassets; sourceTree = "<group>"; };
		E1135C1927BD254800F30700 /* Base */ = {isa = PBXFileReference; lastKnownFileType = file.storyboard; name = Base; path = Base.lproj/LaunchScreen.storyboard; sourceTree = "<group>"; };
		E1135C1B27BD254800F30700 /* Info.plist */ = {isa = PBXFileReference; lastKnownFileType = text.plist.xml; path = Info.plist; sourceTree = "<group>"; };
		E1135C2027BD254800F30700 /* GBShopTests.xctest */ = {isa = PBXFileReference; explicitFileType = wrapper.cfbundle; includeInIndex = 0; path = GBShopTests.xctest; sourceTree = BUILT_PRODUCTS_DIR; };
		E1135C2427BD254800F30700 /* GBShopTests.swift */ = {isa = PBXFileReference; lastKnownFileType = sourcecode.swift; path = GBShopTests.swift; sourceTree = "<group>"; };
		E1135C2A27BD254800F30700 /* GBShopUITests.xctest */ = {isa = PBXFileReference; explicitFileType = wrapper.cfbundle; includeInIndex = 0; path = GBShopUITests.xctest; sourceTree = BUILT_PRODUCTS_DIR; };
		E1135C2E27BD254800F30700 /* GBShopUITests.swift */ = {isa = PBXFileReference; lastKnownFileType = sourcecode.swift; path = GBShopUITests.swift; sourceTree = "<group>"; };
		E1135C3027BD254800F30700 /* GBShopUITestsLaunchTests.swift */ = {isa = PBXFileReference; lastKnownFileType = sourcecode.swift; path = GBShopUITestsLaunchTests.swift; sourceTree = "<group>"; };
		E1F82514280EDF96005AF824 /* AddReviewResult.swift */ = {isa = PBXFileReference; lastKnownFileType = sourcecode.swift; path = AddReviewResult.swift; sourceTree = "<group>"; };
		E1F82516280EE013005AF824 /* RemoveReviewResult.swift */ = {isa = PBXFileReference; lastKnownFileType = sourcecode.swift; path = RemoveReviewResult.swift; sourceTree = "<group>"; };
		E1F82518280EE059005AF824 /* CatalogReviewResult.swift */ = {isa = PBXFileReference; lastKnownFileType = sourcecode.swift; path = CatalogReviewResult.swift; sourceTree = "<group>"; };
		E1F8251A280EE0D2005AF824 /* Commands.swift */ = {isa = PBXFileReference; lastKnownFileType = sourcecode.swift; path = Commands.swift; sourceTree = "<group>"; };
		E1F8251C280EE1A1005AF824 /* CommandsRequestFactory.swift */ = {isa = PBXFileReference; lastKnownFileType = sourcecode.swift; path = CommandsRequestFactory.swift; sourceTree = "<group>"; };
		E1F825212811A11E005AF824 /* Basket.swift */ = {isa = PBXFileReference; lastKnownFileType = sourcecode.swift; path = Basket.swift; sourceTree = "<group>"; };
		E1F825232811A141005AF824 /* BasketRequestFactory.swift */ = {isa = PBXFileReference; lastKnownFileType = sourcecode.swift; path = BasketRequestFactory.swift; sourceTree = "<group>"; };
		E1F825282811A312005AF824 /* AddBasketResult.swift */ = {isa = PBXFileReference; lastKnownFileType = sourcecode.swift; path = AddBasketResult.swift; sourceTree = "<group>"; };
		E1F8252A2811A33C005AF824 /* RemoveFromBasketResult.swift */ = {isa = PBXFileReference; lastKnownFileType = sourcecode.swift; path = RemoveFromBasketResult.swift; sourceTree = "<group>"; };
		E1F8252C2811A422005AF824 /* PayBasketResult.swift */ = {isa = PBXFileReference; lastKnownFileType = sourcecode.swift; path = PayBasketResult.swift; sourceTree = "<group>"; };
		E1F8252F2811AB5C005AF824 /* BasketSingleton.swift */ = {isa = PBXFileReference; lastKnownFileType = sourcecode.swift; path = BasketSingleton.swift; sourceTree = "<group>"; };
		E1F825312811ABEB005AF824 /* Product.swift */ = {isa = PBXFileReference; lastKnownFileType = sourcecode.swift; path = Product.swift; sourceTree = "<group>"; };
/* End PBXFileReference section */

/* Begin PBXFrameworksBuildPhase section */
		E1135C0727BD254600F30700 /* Frameworks */ = {
			isa = PBXFrameworksBuildPhase;
			buildActionMask = 2147483647;
			files = (
				E10096F227CE5CFB0045CA71 /* Alamofire in Frameworks */,
			);
			runOnlyForDeploymentPostprocessing = 0;
		};
		E1135C1D27BD254800F30700 /* Frameworks */ = {
			isa = PBXFrameworksBuildPhase;
			buildActionMask = 2147483647;
			files = (
			);
			runOnlyForDeploymentPostprocessing = 0;
		};
		E1135C2727BD254800F30700 /* Frameworks */ = {
			isa = PBXFrameworksBuildPhase;
			buildActionMask = 2147483647;
			files = (
			);
			runOnlyForDeploymentPostprocessing = 0;
		};
/* End PBXFrameworksBuildPhase section */

/* Begin PBXGroup section */
		E10096E827CE5BE60045CA71 /* Enviroments */ = {
			isa = PBXGroup;
			children = (
				E1135C1B27BD254800F30700 /* Info.plist */,
			);
			path = Enviroments;
			sourceTree = "<group>";
		};
		E10096E927CE5BFB0045CA71 /* Resorces */ = {
			isa = PBXGroup;
			children = (
				E1135C1627BD254800F30700 /* Assets.xcassets */,
				E1135C1827BD254800F30700 /* LaunchScreen.storyboard */,
			);
			path = Resorces;
			sourceTree = "<group>";
		};
		E10096EA27CE5C080045CA71 /* Core */ = {
			isa = PBXGroup;
			children = (
				E10096FE27CE5F3D0045CA71 /* Network */,
			);
			path = Core;
			sourceTree = "<group>";
		};
		E10096EB27CE5C110045CA71 /* App */ = {
			isa = PBXGroup;
			children = (
				E1135C0D27BD254600F30700 /* AppDelegate.swift */,
				E1135C0F27BD254600F30700 /* SceneDelegate.swift */,
				E10096EF27CE5C3C0045CA71 /* BussinessLogic */,
				E10096EE27CE5C320045CA71 /* Entity */,
				E10096EC27CE5C1A0045CA71 /* Flows */,
				E100971927E0EA050045CA71 /* Assembly */,
			);
			path = App;
			sourceTree = "<group>";
		};
		E10096EC27CE5C1A0045CA71 /* Flows */ = {
			isa = PBXGroup;
			children = (
				E1135C1127BD254600F30700 /* ViewController.swift */,
				E1135C1327BD254600F30700 /* Main.storyboard */,
			);
			path = Flows;
			sourceTree = "<group>";
		};
		E10096EE27CE5C320045CA71 /* Entity */ = {
			isa = PBXGroup;
			children = (
				E1F825272811A284005AF824 /* Basket */,
				E1F825262811A27D005AF824 /* Commands */,
				E1F825252811A275005AF824 /* Auth */,
			);
			path = Entity;
			sourceTree = "<group>";
		};
		E10096EF27CE5C3C0045CA71 /* BussinessLogic */ = {
			isa = PBXGroup;
			children = (
				E1F8252E2811AAE7005AF824 /* Singleton */,
				E10096F327CE5EAE0045CA71 /* Network */,
			);
			path = BussinessLogic;
			sourceTree = "<group>";
		};
		E10096F327CE5EAE0045CA71 /* Network */ = {
			isa = PBXGroup;
			children = (
				E1F825202811A0F9005AF824 /* Basket */,
				E10096F427CE5EDC0045CA71 /* RequestFactory.swift */,
				E1F8251F28105562005AF824 /* Commands */,
				E1F8251E28105556005AF824 /* Auth */,
			);
			path = Network;
			sourceTree = "<group>";
		};
		E10096FE27CE5F3D0045CA71 /* Network */ = {
			isa = PBXGroup;
			children = (
				E10096FF27CE60460045CA71 /* AbstractErrorParser.swift */,
				E100970127CE605C0045CA71 /* ErrorParser.swift */,
				E100970327CE60790045CA71 /* ResponseCodable.swift */,
				E100970527CE609C0045CA71 /* AbstractRequestFactory.swift */,
				E100970727CE60B40045CA71 /* RequestRouter.swift */,
			);
			path = Network;
			sourceTree = "<group>";
		};
		E100971927E0EA050045CA71 /* Assembly */ = {
			isa = PBXGroup;
			children = (
			);
			path = Assembly;
			sourceTree = "<group>";
		};
		E1135C0127BD254600F30700 = {
			isa = PBXGroup;
			children = (
				E1135C0C27BD254600F30700 /* GBShop */,
				E1135C2327BD254800F30700 /* GBShopTests */,
				E1135C2D27BD254800F30700 /* GBShopUITests */,
				E1135C0B27BD254600F30700 /* Products */,
			);
			sourceTree = "<group>";
		};
		E1135C0B27BD254600F30700 /* Products */ = {
			isa = PBXGroup;
			children = (
				E1135C0A27BD254600F30700 /* GBShop.app */,
				E1135C2027BD254800F30700 /* GBShopTests.xctest */,
				E1135C2A27BD254800F30700 /* GBShopUITests.xctest */,
			);
			name = Products;
			sourceTree = "<group>";
		};
		E1135C0C27BD254600F30700 /* GBShop */ = {
			isa = PBXGroup;
			children = (
				E10096EB27CE5C110045CA71 /* App */,
				E10096EA27CE5C080045CA71 /* Core */,
				E10096E927CE5BFB0045CA71 /* Resorces */,
				E10096E827CE5BE60045CA71 /* Enviroments */,
			);
			path = GBShop;
			sourceTree = "<group>";
		};
		E1135C2327BD254800F30700 /* GBShopTests */ = {
			isa = PBXGroup;
			children = (
				E1135C2427BD254800F30700 /* GBShopTests.swift */,
				E100972027E1E0AE0045CA71 /* AuthTest.swift */,
			);
			path = GBShopTests;
			sourceTree = "<group>";
		};
		E1135C2D27BD254800F30700 /* GBShopUITests */ = {
			isa = PBXGroup;
			children = (
				E1135C2E27BD254800F30700 /* GBShopUITests.swift */,
				E1135C3027BD254800F30700 /* GBShopUITestsLaunchTests.swift */,
			);
			path = GBShopUITests;
			sourceTree = "<group>";
		};
		E1F8251E28105556005AF824 /* Auth */ = {
			isa = PBXGroup;
			children = (
				E10096F627CE5EEC0045CA71 /* Auth.swift */,
				E10096F827CE5F070045CA71 /* AuthRequestFactory.swift */,
			);
			path = Auth;
			sourceTree = "<group>";
		};
		E1F8251F28105562005AF824 /* Commands */ = {
			isa = PBXGroup;
			children = (
				E1F8251A280EE0D2005AF824 /* Commands.swift */,
				E1F8251C280EE1A1005AF824 /* CommandsRequestFactory.swift */,
			);
			path = Commands;
			sourceTree = "<group>";
		};
		E1F825202811A0F9005AF824 /* Basket */ = {
			isa = PBXGroup;
			children = (
				E1F825212811A11E005AF824 /* Basket.swift */,
				E1F825232811A141005AF824 /* BasketRequestFactory.swift */,
			);
			path = Basket;
			sourceTree = "<group>";
		};
		E1F825252811A275005AF824 /* Auth */ = {
			isa = PBXGroup;
			children = (
				E10096FA27CE5F260045CA71 /* LoginResult.swift */,
				E10096FC27CE5F320045CA71 /* User.swift */,
				E100971A27E1DCEE0045CA71 /* LogoutResult.swift */,
				E100971C27E1DD3D0045CA71 /* RegisterUserResult.swift */,
				E100971E27E1DD520045CA71 /* ChangeUserDataResult.swift */,
				E100972227E210C00045CA71 /* GetGoodByIdResult.swift */,
				E100972427E216D80045CA71 /* CatalogResult.swift */,
			);
			path = Auth;
			sourceTree = "<group>";
		};
		E1F825262811A27D005AF824 /* Commands */ = {
			isa = PBXGroup;
			children = (
				E1F82514280EDF96005AF824 /* AddReviewResult.swift */,
				E1F82516280EE013005AF824 /* RemoveReviewResult.swift */,
				E1F82518280EE059005AF824 /* CatalogReviewResult.swift */,
			);
			path = Commands;
			sourceTree = "<group>";
		};
		E1F825272811A284005AF824 /* Basket */ = {
			isa = PBXGroup;
			children = (
				E1F825282811A312005AF824 /* AddBasketResult.swift */,
				E1F8252A2811A33C005AF824 /* RemoveFromBasketResult.swift */,
				E1F8252C2811A422005AF824 /* PayBasketResult.swift */,
				E1F825312811ABEB005AF824 /* Product.swift */,
			);
			path = Basket;
			sourceTree = "<group>";
		};
		E1F8252E2811AAE7005AF824 /* Singleton */ = {
			isa = PBXGroup;
			children = (
				E1F8252F2811AB5C005AF824 /* BasketSingleton.swift */,
			);
			path = Singleton;
			sourceTree = "<group>";
		};
/* End PBXGroup section */

/* Begin PBXNativeTarget section */
		E1135C0927BD254600F30700 /* GBShop */ = {
			isa = PBXNativeTarget;
			buildConfigurationList = E1135C3427BD254800F30700 /* Build configuration list for PBXNativeTarget "GBShop" */;
			buildPhases = (
				E1135C0627BD254600F30700 /* Sources */,
				E1135C0727BD254600F30700 /* Frameworks */,
				E1135C0827BD254600F30700 /* Resources */,
			);
			buildRules = (
			);
			dependencies = (
			);
			name = GBShop;
			packageProductDependencies = (
				E10096F127CE5CFB0045CA71 /* Alamofire */,
			);
			productName = GBShop;
			productReference = E1135C0A27BD254600F30700 /* GBShop.app */;
			productType = "com.apple.product-type.application";
		};
		E1135C1F27BD254800F30700 /* GBShopTests */ = {
			isa = PBXNativeTarget;
			buildConfigurationList = E1135C3727BD254800F30700 /* Build configuration list for PBXNativeTarget "GBShopTests" */;
			buildPhases = (
				E1135C1C27BD254800F30700 /* Sources */,
				E1135C1D27BD254800F30700 /* Frameworks */,
				E1135C1E27BD254800F30700 /* Resources */,
			);
			buildRules = (
			);
			dependencies = (
				E1135C2227BD254800F30700 /* PBXTargetDependency */,
			);
			name = GBShopTests;
			productName = GBShopTests;
			productReference = E1135C2027BD254800F30700 /* GBShopTests.xctest */;
			productType = "com.apple.product-type.bundle.unit-test";
		};
		E1135C2927BD254800F30700 /* GBShopUITests */ = {
			isa = PBXNativeTarget;
			buildConfigurationList = E1135C3A27BD254800F30700 /* Build configuration list for PBXNativeTarget "GBShopUITests" */;
			buildPhases = (
				E1135C2627BD254800F30700 /* Sources */,
				E1135C2727BD254800F30700 /* Frameworks */,
				E1135C2827BD254800F30700 /* Resources */,
			);
			buildRules = (
			);
			dependencies = (
				E1135C2C27BD254800F30700 /* PBXTargetDependency */,
			);
			name = GBShopUITests;
			productName = GBShopUITests;
			productReference = E1135C2A27BD254800F30700 /* GBShopUITests.xctest */;
			productType = "com.apple.product-type.bundle.ui-testing";
		};
/* End PBXNativeTarget section */

/* Begin PBXProject section */
		E1135C0227BD254600F30700 /* Project object */ = {
			isa = PBXProject;
			attributes = {
				BuildIndependentTargetsInParallel = 1;
				LastSwiftUpdateCheck = 1320;
				LastUpgradeCheck = 1320;
				TargetAttributes = {
					E1135C0927BD254600F30700 = {
						CreatedOnToolsVersion = 13.2.1;
					};
					E1135C1F27BD254800F30700 = {
						CreatedOnToolsVersion = 13.2.1;
						TestTargetID = E1135C0927BD254600F30700;
					};
					E1135C2927BD254800F30700 = {
						CreatedOnToolsVersion = 13.2.1;
						TestTargetID = E1135C0927BD254600F30700;
					};
				};
			};
			buildConfigurationList = E1135C0527BD254600F30700 /* Build configuration list for PBXProject "GBShop" */;
			compatibilityVersion = "Xcode 13.0";
			developmentRegion = en;
			hasScannedForEncodings = 0;
			knownRegions = (
				en,
				Base,
			);
			mainGroup = E1135C0127BD254600F30700;
			packageReferences = (
				E10096F027CE5CFB0045CA71 /* XCRemoteSwiftPackageReference "Alamofire" */,
			);
			productRefGroup = E1135C0B27BD254600F30700 /* Products */;
			projectDirPath = "";
			projectRoot = "";
			targets = (
				E1135C0927BD254600F30700 /* GBShop */,
				E1135C1F27BD254800F30700 /* GBShopTests */,
				E1135C2927BD254800F30700 /* GBShopUITests */,
			);
		};
/* End PBXProject section */

/* Begin PBXResourcesBuildPhase section */
		E1135C0827BD254600F30700 /* Resources */ = {
			isa = PBXResourcesBuildPhase;
			buildActionMask = 2147483647;
			files = (
				E1135C1A27BD254800F30700 /* LaunchScreen.storyboard in Resources */,
				E1135C1727BD254800F30700 /* Assets.xcassets in Resources */,
				E1135C1527BD254600F30700 /* Main.storyboard in Resources */,
			);
			runOnlyForDeploymentPostprocessing = 0;
		};
		E1135C1E27BD254800F30700 /* Resources */ = {
			isa = PBXResourcesBuildPhase;
			buildActionMask = 2147483647;
			files = (
			);
			runOnlyForDeploymentPostprocessing = 0;
		};
		E1135C2827BD254800F30700 /* Resources */ = {
			isa = PBXResourcesBuildPhase;
			buildActionMask = 2147483647;
			files = (
			);
			runOnlyForDeploymentPostprocessing = 0;
		};
/* End PBXResourcesBuildPhase section */

/* Begin PBXSourcesBuildPhase section */
		E1135C0627BD254600F30700 /* Sources */ = {
			isa = PBXSourcesBuildPhase;
			buildActionMask = 2147483647;
			files = (
				E100970027CE60460045CA71 /* AbstractErrorParser.swift in Sources */,
				E1F82519280EE059005AF824 /* CatalogReviewResult.swift in Sources */,
				E10096F727CE5EEC0045CA71 /* Auth.swift in Sources */,
				E100972527E216D80045CA71 /* CatalogResult.swift in Sources */,
				E1F825292811A312005AF824 /* AddBasketResult.swift in Sources */,
				E100971B27E1DCEE0045CA71 /* LogoutResult.swift in Sources */,
				E100971F27E1DD520045CA71 /* ChangeUserDataResult.swift in Sources */,
				E100971D27E1DD3D0045CA71 /* RegisterUserResult.swift in Sources */,
				E10096FB27CE5F260045CA71 /* LoginResult.swift in Sources */,
				E100972327E210C00045CA71 /* GetGoodByIdResult.swift in Sources */,
				E1F825222811A11E005AF824 /* Basket.swift in Sources */,
				E10096F527CE5EDC0045CA71 /* RequestFactory.swift in Sources */,
				E100970627CE609C0045CA71 /* AbstractRequestFactory.swift in Sources */,
				E1F8251D280EE1A1005AF824 /* CommandsRequestFactory.swift in Sources */,
				E10096F927CE5F070045CA71 /* AuthRequestFactory.swift in Sources */,
				E100970227CE605C0045CA71 /* ErrorParser.swift in Sources */,
				E10096FD27CE5F320045CA71 /* User.swift in Sources */,
				E1F825322811ABEB005AF824 /* Product.swift in Sources */,
				E1F8252B2811A33C005AF824 /* RemoveFromBasketResult.swift in Sources */,
				E1F82515280EDF96005AF824 /* AddReviewResult.swift in Sources */,
				E1F82517280EE013005AF824 /* RemoveReviewResult.swift in Sources */,
				E1135C1227BD254600F30700 /* ViewController.swift in Sources */,
				E1F825242811A141005AF824 /* BasketRequestFactory.swift in Sources */,
				E1F8251B280EE0D3005AF824 /* Commands.swift in Sources */,
				E1F8252D2811A422005AF824 /* PayBasketResult.swift in Sources */,
				E1F825302811AB5C005AF824 /* BasketSingleton.swift in Sources */,
				E1135C0E27BD254600F30700 /* AppDelegate.swift in Sources */,
				E1135C1027BD254600F30700 /* SceneDelegate.swift in Sources */,
				E100970427CE60790045CA71 /* ResponseCodable.swift in Sources */,
				E100970827CE60B40045CA71 /* RequestRouter.swift in Sources */,
			);
			runOnlyForDeploymentPostprocessing = 0;
		};
		E1135C1C27BD254800F30700 /* Sources */ = {
			isa = PBXSourcesBuildPhase;
			buildActionMask = 2147483647;
			files = (
				E1135C2527BD254800F30700 /* GBShopTests.swift in Sources */,
				E100972127E1E0AE0045CA71 /* AuthTest.swift in Sources */,
			);
			runOnlyForDeploymentPostprocessing = 0;
		};
		E1135C2627BD254800F30700 /* Sources */ = {
			isa = PBXSourcesBuildPhase;
			buildActionMask = 2147483647;
			files = (
				E1135C2F27BD254800F30700 /* GBShopUITests.swift in Sources */,
				E1135C3127BD254800F30700 /* GBShopUITestsLaunchTests.swift in Sources */,
			);
			runOnlyForDeploymentPostprocessing = 0;
		};
/* End PBXSourcesBuildPhase section */

/* Begin PBXTargetDependency section */
		E1135C2227BD254800F30700 /* PBXTargetDependency */ = {
			isa = PBXTargetDependency;
			target = E1135C0927BD254600F30700 /* GBShop */;
			targetProxy = E1135C2127BD254800F30700 /* PBXContainerItemProxy */;
		};
		E1135C2C27BD254800F30700 /* PBXTargetDependency */ = {
			isa = PBXTargetDependency;
			target = E1135C0927BD254600F30700 /* GBShop */;
			targetProxy = E1135C2B27BD254800F30700 /* PBXContainerItemProxy */;
		};
/* End PBXTargetDependency section */

/* Begin PBXVariantGroup section */
		E1135C1327BD254600F30700 /* Main.storyboard */ = {
			isa = PBXVariantGroup;
			children = (
				E1135C1427BD254600F30700 /* Base */,
			);
			name = Main.storyboard;
			sourceTree = "<group>";
		};
		E1135C1827BD254800F30700 /* LaunchScreen.storyboard */ = {
			isa = PBXVariantGroup;
			children = (
				E1135C1927BD254800F30700 /* Base */,
			);
			name = LaunchScreen.storyboard;
			sourceTree = "<group>";
		};
/* End PBXVariantGroup section */

/* Begin XCBuildConfiguration section */
		E1135C3227BD254800F30700 /* Debug */ = {
			isa = XCBuildConfiguration;
			buildSettings = {
				ALWAYS_SEARCH_USER_PATHS = NO;
				CLANG_ANALYZER_NONNULL = YES;
				CLANG_ANALYZER_NUMBER_OBJECT_CONVERSION = YES_AGGRESSIVE;
				CLANG_CXX_LANGUAGE_STANDARD = "gnu++17";
				CLANG_CXX_LIBRARY = "libc++";
				CLANG_ENABLE_MODULES = YES;
				CLANG_ENABLE_OBJC_ARC = YES;
				CLANG_ENABLE_OBJC_WEAK = YES;
				CLANG_WARN_BLOCK_CAPTURE_AUTORELEASING = YES;
				CLANG_WARN_BOOL_CONVERSION = YES;
				CLANG_WARN_COMMA = YES;
				CLANG_WARN_CONSTANT_CONVERSION = YES;
				CLANG_WARN_DEPRECATED_OBJC_IMPLEMENTATIONS = YES;
				CLANG_WARN_DIRECT_OBJC_ISA_USAGE = YES_ERROR;
				CLANG_WARN_DOCUMENTATION_COMMENTS = YES;
				CLANG_WARN_EMPTY_BODY = YES;
				CLANG_WARN_ENUM_CONVERSION = YES;
				CLANG_WARN_INFINITE_RECURSION = YES;
				CLANG_WARN_INT_CONVERSION = YES;
				CLANG_WARN_NON_LITERAL_NULL_CONVERSION = YES;
				CLANG_WARN_OBJC_IMPLICIT_RETAIN_SELF = YES;
				CLANG_WARN_OBJC_LITERAL_CONVERSION = YES;
				CLANG_WARN_OBJC_ROOT_CLASS = YES_ERROR;
				CLANG_WARN_QUOTED_INCLUDE_IN_FRAMEWORK_HEADER = YES;
				CLANG_WARN_RANGE_LOOP_ANALYSIS = YES;
				CLANG_WARN_STRICT_PROTOTYPES = YES;
				CLANG_WARN_SUSPICIOUS_MOVE = YES;
				CLANG_WARN_UNGUARDED_AVAILABILITY = YES_AGGRESSIVE;
				CLANG_WARN_UNREACHABLE_CODE = YES;
				CLANG_WARN__DUPLICATE_METHOD_MATCH = YES;
				COPY_PHASE_STRIP = NO;
				DEBUG_INFORMATION_FORMAT = dwarf;
				ENABLE_STRICT_OBJC_MSGSEND = YES;
				ENABLE_TESTABILITY = YES;
				GCC_C_LANGUAGE_STANDARD = gnu11;
				GCC_DYNAMIC_NO_PIC = NO;
				GCC_NO_COMMON_BLOCKS = YES;
				GCC_OPTIMIZATION_LEVEL = 0;
				GCC_PREPROCESSOR_DEFINITIONS = (
					"DEBUG=1",
					"$(inherited)",
				);
				GCC_WARN_64_TO_32_BIT_CONVERSION = YES;
				GCC_WARN_ABOUT_RETURN_TYPE = YES_ERROR;
				GCC_WARN_UNDECLARED_SELECTOR = YES;
				GCC_WARN_UNINITIALIZED_AUTOS = YES_AGGRESSIVE;
				GCC_WARN_UNUSED_FUNCTION = YES;
				GCC_WARN_UNUSED_VARIABLE = YES;
				IPHONEOS_DEPLOYMENT_TARGET = 15.2;
				MTL_ENABLE_DEBUG_INFO = INCLUDE_SOURCE;
				MTL_FAST_MATH = YES;
				ONLY_ACTIVE_ARCH = YES;
				SDKROOT = iphoneos;
				SWIFT_ACTIVE_COMPILATION_CONDITIONS = DEBUG;
				SWIFT_OPTIMIZATION_LEVEL = "-Onone";
			};
			name = Debug;
		};
		E1135C3327BD254800F30700 /* Release */ = {
			isa = XCBuildConfiguration;
			buildSettings = {
				ALWAYS_SEARCH_USER_PATHS = NO;
				CLANG_ANALYZER_NONNULL = YES;
				CLANG_ANALYZER_NUMBER_OBJECT_CONVERSION = YES_AGGRESSIVE;
				CLANG_CXX_LANGUAGE_STANDARD = "gnu++17";
				CLANG_CXX_LIBRARY = "libc++";
				CLANG_ENABLE_MODULES = YES;
				CLANG_ENABLE_OBJC_ARC = YES;
				CLANG_ENABLE_OBJC_WEAK = YES;
				CLANG_WARN_BLOCK_CAPTURE_AUTORELEASING = YES;
				CLANG_WARN_BOOL_CONVERSION = YES;
				CLANG_WARN_COMMA = YES;
				CLANG_WARN_CONSTANT_CONVERSION = YES;
				CLANG_WARN_DEPRECATED_OBJC_IMPLEMENTATIONS = YES;
				CLANG_WARN_DIRECT_OBJC_ISA_USAGE = YES_ERROR;
				CLANG_WARN_DOCUMENTATION_COMMENTS = YES;
				CLANG_WARN_EMPTY_BODY = YES;
				CLANG_WARN_ENUM_CONVERSION = YES;
				CLANG_WARN_INFINITE_RECURSION = YES;
				CLANG_WARN_INT_CONVERSION = YES;
				CLANG_WARN_NON_LITERAL_NULL_CONVERSION = YES;
				CLANG_WARN_OBJC_IMPLICIT_RETAIN_SELF = YES;
				CLANG_WARN_OBJC_LITERAL_CONVERSION = YES;
				CLANG_WARN_OBJC_ROOT_CLASS = YES_ERROR;
				CLANG_WARN_QUOTED_INCLUDE_IN_FRAMEWORK_HEADER = YES;
				CLANG_WARN_RANGE_LOOP_ANALYSIS = YES;
				CLANG_WARN_STRICT_PROTOTYPES = YES;
				CLANG_WARN_SUSPICIOUS_MOVE = YES;
				CLANG_WARN_UNGUARDED_AVAILABILITY = YES_AGGRESSIVE;
				CLANG_WARN_UNREACHABLE_CODE = YES;
				CLANG_WARN__DUPLICATE_METHOD_MATCH = YES;
				COPY_PHASE_STRIP = NO;
				DEBUG_INFORMATION_FORMAT = "dwarf-with-dsym";
				ENABLE_NS_ASSERTIONS = NO;
				ENABLE_STRICT_OBJC_MSGSEND = YES;
				GCC_C_LANGUAGE_STANDARD = gnu11;
				GCC_NO_COMMON_BLOCKS = YES;
				GCC_WARN_64_TO_32_BIT_CONVERSION = YES;
				GCC_WARN_ABOUT_RETURN_TYPE = YES_ERROR;
				GCC_WARN_UNDECLARED_SELECTOR = YES;
				GCC_WARN_UNINITIALIZED_AUTOS = YES_AGGRESSIVE;
				GCC_WARN_UNUSED_FUNCTION = YES;
				GCC_WARN_UNUSED_VARIABLE = YES;
				IPHONEOS_DEPLOYMENT_TARGET = 15.2;
				MTL_ENABLE_DEBUG_INFO = NO;
				MTL_FAST_MATH = YES;
				SDKROOT = iphoneos;
				SWIFT_COMPILATION_MODE = wholemodule;
				SWIFT_OPTIMIZATION_LEVEL = "-O";
				VALIDATE_PRODUCT = YES;
			};
			name = Release;
		};
		E1135C3527BD254800F30700 /* Debug */ = {
			isa = XCBuildConfiguration;
			buildSettings = {
				ASSETCATALOG_COMPILER_APPICON_NAME = AppIcon;
				ASSETCATALOG_COMPILER_GLOBAL_ACCENT_COLOR_NAME = AccentColor;
				CODE_SIGN_STYLE = Automatic;
				CURRENT_PROJECT_VERSION = 1;
				GENERATE_INFOPLIST_FILE = YES;
				INFOPLIST_FILE = GBShop/Enviroments/Info.plist;
				INFOPLIST_KEY_UIApplicationSupportsIndirectInputEvents = YES;
				INFOPLIST_KEY_UILaunchStoryboardName = LaunchScreen;
				INFOPLIST_KEY_UIMainStoryboardFile = Main;
				INFOPLIST_KEY_UISupportedInterfaceOrientations_iPad = "UIInterfaceOrientationPortrait UIInterfaceOrientationPortraitUpsideDown UIInterfaceOrientationLandscapeLeft UIInterfaceOrientationLandscapeRight";
				INFOPLIST_KEY_UISupportedInterfaceOrientations_iPhone = "UIInterfaceOrientationPortrait UIInterfaceOrientationLandscapeLeft UIInterfaceOrientationLandscapeRight";
				LD_RUNPATH_SEARCH_PATHS = (
					"$(inherited)",
					"@executable_path/Frameworks",
				);
				MARKETING_VERSION = 1.0;
				PRODUCT_BUNDLE_IDENTIFIER = "Konstantin-Kamenchukov.GBShop";
				PRODUCT_NAME = "$(TARGET_NAME)";
				SWIFT_EMIT_LOC_STRINGS = YES;
				SWIFT_VERSION = 5.0;
				TARGETED_DEVICE_FAMILY = "1,2";
			};
			name = Debug;
		};
		E1135C3627BD254800F30700 /* Release */ = {
			isa = XCBuildConfiguration;
			buildSettings = {
				ASSETCATALOG_COMPILER_APPICON_NAME = AppIcon;
				ASSETCATALOG_COMPILER_GLOBAL_ACCENT_COLOR_NAME = AccentColor;
				CODE_SIGN_STYLE = Automatic;
				CURRENT_PROJECT_VERSION = 1;
				GENERATE_INFOPLIST_FILE = YES;
				INFOPLIST_FILE = GBShop/Enviroments/Info.plist;
				INFOPLIST_KEY_UIApplicationSupportsIndirectInputEvents = YES;
				INFOPLIST_KEY_UILaunchStoryboardName = LaunchScreen;
				INFOPLIST_KEY_UIMainStoryboardFile = Main;
				INFOPLIST_KEY_UISupportedInterfaceOrientations_iPad = "UIInterfaceOrientationPortrait UIInterfaceOrientationPortraitUpsideDown UIInterfaceOrientationLandscapeLeft UIInterfaceOrientationLandscapeRight";
				INFOPLIST_KEY_UISupportedInterfaceOrientations_iPhone = "UIInterfaceOrientationPortrait UIInterfaceOrientationLandscapeLeft UIInterfaceOrientationLandscapeRight";
				LD_RUNPATH_SEARCH_PATHS = (
					"$(inherited)",
					"@executable_path/Frameworks",
				);
				MARKETING_VERSION = 1.0;
				PRODUCT_BUNDLE_IDENTIFIER = "Konstantin-Kamenchukov.GBShop";
				PRODUCT_NAME = "$(TARGET_NAME)";
				SWIFT_EMIT_LOC_STRINGS = YES;
				SWIFT_VERSION = 5.0;
				TARGETED_DEVICE_FAMILY = "1,2";
			};
			name = Release;
		};
		E1135C3827BD254800F30700 /* Debug */ = {
			isa = XCBuildConfiguration;
			buildSettings = {
				ALWAYS_EMBED_SWIFT_STANDARD_LIBRARIES = YES;
				BUNDLE_LOADER = "$(TEST_HOST)";
				CODE_SIGN_STYLE = Automatic;
				CURRENT_PROJECT_VERSION = 1;
				GENERATE_INFOPLIST_FILE = YES;
				IPHONEOS_DEPLOYMENT_TARGET = 15.2;
				MARKETING_VERSION = 1.0;
				PRODUCT_BUNDLE_IDENTIFIER = "Konstantin-Kamenchukov.GBShopTests";
				PRODUCT_NAME = "$(TARGET_NAME)";
				SWIFT_EMIT_LOC_STRINGS = NO;
				SWIFT_VERSION = 5.0;
				TARGETED_DEVICE_FAMILY = "1,2";
				TEST_HOST = "$(BUILT_PRODUCTS_DIR)/GBShop.app/GBShop";
			};
			name = Debug;
		};
		E1135C3927BD254800F30700 /* Release */ = {
			isa = XCBuildConfiguration;
			buildSettings = {
				ALWAYS_EMBED_SWIFT_STANDARD_LIBRARIES = YES;
				BUNDLE_LOADER = "$(TEST_HOST)";
				CODE_SIGN_STYLE = Automatic;
				CURRENT_PROJECT_VERSION = 1;
				GENERATE_INFOPLIST_FILE = YES;
				IPHONEOS_DEPLOYMENT_TARGET = 15.2;
				MARKETING_VERSION = 1.0;
				PRODUCT_BUNDLE_IDENTIFIER = "Konstantin-Kamenchukov.GBShopTests";
				PRODUCT_NAME = "$(TARGET_NAME)";
				SWIFT_EMIT_LOC_STRINGS = NO;
				SWIFT_VERSION = 5.0;
				TARGETED_DEVICE_FAMILY = "1,2";
				TEST_HOST = "$(BUILT_PRODUCTS_DIR)/GBShop.app/GBShop";
			};
			name = Release;
		};
		E1135C3B27BD254800F30700 /* Debug */ = {
			isa = XCBuildConfiguration;
			buildSettings = {
				ALWAYS_EMBED_SWIFT_STANDARD_LIBRARIES = YES;
				CODE_SIGN_STYLE = Automatic;
				CURRENT_PROJECT_VERSION = 1;
				GENERATE_INFOPLIST_FILE = YES;
				MARKETING_VERSION = 1.0;
				PRODUCT_BUNDLE_IDENTIFIER = "Konstantin-Kamenchukov.GBShopUITests";
				PRODUCT_NAME = "$(TARGET_NAME)";
				SWIFT_EMIT_LOC_STRINGS = NO;
				SWIFT_VERSION = 5.0;
				TARGETED_DEVICE_FAMILY = "1,2";
				TEST_TARGET_NAME = GBShop;
			};
			name = Debug;
		};
		E1135C3C27BD254800F30700 /* Release */ = {
			isa = XCBuildConfiguration;
			buildSettings = {
				ALWAYS_EMBED_SWIFT_STANDARD_LIBRARIES = YES;
				CODE_SIGN_STYLE = Automatic;
				CURRENT_PROJECT_VERSION = 1;
				GENERATE_INFOPLIST_FILE = YES;
				MARKETING_VERSION = 1.0;
				PRODUCT_BUNDLE_IDENTIFIER = "Konstantin-Kamenchukov.GBShopUITests";
				PRODUCT_NAME = "$(TARGET_NAME)";
				SWIFT_EMIT_LOC_STRINGS = NO;
				SWIFT_VERSION = 5.0;
				TARGETED_DEVICE_FAMILY = "1,2";
				TEST_TARGET_NAME = GBShop;
			};
			name = Release;
		};
/* End XCBuildConfiguration section */

/* Begin XCConfigurationList section */
		E1135C0527BD254600F30700 /* Build configuration list for PBXProject "GBShop" */ = {
			isa = XCConfigurationList;
			buildConfigurations = (
				E1135C3227BD254800F30700 /* Debug */,
				E1135C3327BD254800F30700 /* Release */,
			);
			defaultConfigurationIsVisible = 0;
			defaultConfigurationName = Release;
		};
		E1135C3427BD254800F30700 /* Build configuration list for PBXNativeTarget "GBShop" */ = {
			isa = XCConfigurationList;
			buildConfigurations = (
				E1135C3527BD254800F30700 /* Debug */,
				E1135C3627BD254800F30700 /* Release */,
			);
			defaultConfigurationIsVisible = 0;
			defaultConfigurationName = Release;
		};
		E1135C3727BD254800F30700 /* Build configuration list for PBXNativeTarget "GBShopTests" */ = {
			isa = XCConfigurationList;
			buildConfigurations = (
				E1135C3827BD254800F30700 /* Debug */,
				E1135C3927BD254800F30700 /* Release */,
			);
			defaultConfigurationIsVisible = 0;
			defaultConfigurationName = Release;
		};
		E1135C3A27BD254800F30700 /* Build configuration list for PBXNativeTarget "GBShopUITests" */ = {
			isa = XCConfigurationList;
			buildConfigurations = (
				E1135C3B27BD254800F30700 /* Debug */,
				E1135C3C27BD254800F30700 /* Release */,
			);
			defaultConfigurationIsVisible = 0;
			defaultConfigurationName = Release;
		};
/* End XCConfigurationList section */

/* Begin XCRemoteSwiftPackageReference section */
		E10096F027CE5CFB0045CA71 /* XCRemoteSwiftPackageReference "Alamofire" */ = {
			isa = XCRemoteSwiftPackageReference;
			repositoryURL = "https://github.com/Alamofire/Alamofire.git";
			requirement = {
				kind = upToNextMajorVersion;
				minimumVersion = 5.0.0;
			};
		};
/* End XCRemoteSwiftPackageReference section */

/* Begin XCSwiftPackageProductDependency section */
		E10096F127CE5CFB0045CA71 /* Alamofire */ = {
			isa = XCSwiftPackageProductDependency;
			package = E10096F027CE5CFB0045CA71 /* XCRemoteSwiftPackageReference "Alamofire" */;
			productName = Alamofire;
		};
/* End XCSwiftPackageProductDependency section */
	};
	rootObject = E1135C0227BD254600F30700 /* Project object */;
}
